
Microsoft Visual Studio Solution File, Format Version 12.00
# Visual Studio Version 17
VisualStudioVersion = 17.0.32014.148
MinimumVisualStudioVersion = 10.0.40219.1
Project("{2150E333-8FDC-42A3-9474-1A3956D46DE8}") = "Solution Items", "Solution Items", "{A5A1CB4E-B995-47B9-8EBE-0009C0B97805}"
	ProjectSection(SolutionItems) = preProject
		.editorconfig = .editorconfig
		..\.gitignore = ..\.gitignore
		..\azure-pipelines.yml = ..\azure-pipelines.yml
		code-cover.ps1 = code-cover.ps1
		..\.github\workflows\develop_extradrysamplewebdev.yml = ..\.github\workflows\develop_extradrysamplewebdev.yml
		extradry-logo.png = extradry-logo.png
		infrastructure.json = infrastructure.json
		Infrastructure.ps1 = Infrastructure.ps1
		..\LICENSE = ..\LICENSE
		nuget.config = nuget.config
		publish-local.ps1 = publish-local.ps1
		..\README.md = ..\README.md
		VulnerabilityFixes.targets = VulnerabilityFixes.targets
	EndProjectSection
	ProjectSection(FolderGlobals) = preProject
		C_5_4Users_4Adrian_4Repos_4FmiWorks_4extra-dry_4ExtraDry_4infrastructure_1json__JsonSchema = 
	EndProjectSection
EndProject
Project("{9A19103F-16F7-4668-BE54-9A1E7A4F7556}") = "Sample.Shared", "Sample.Shared\Sample.Shared.csproj", "{CEE533E6-CCB0-4D4D-8F05-45E8F3FF20D5}"
EndProject
Project("{9A19103F-16F7-4668-BE54-9A1E7A4F7556}") = "Sample.Data", "Sample.Data\Sample.Data.csproj", "{F098333B-F93D-4570-85EA-803440A897A2}"
	ProjectSection(ProjectDependencies) = postProject
		{3D9D55DC-77BE-473A-A0F7-4CE4856DF94E} = {3D9D55DC-77BE-473A-A0F7-4CE4856DF94E}
	EndProjectSection
EndProject
Project("{9A19103F-16F7-4668-BE54-9A1E7A4F7556}") = "Sample.Server", "Sample.Server\Sample.Server.csproj", "{9F948B97-1BA0-4B3C-A526-FBC6AEEE679F}"
EndProject
Project("{9A19103F-16F7-4668-BE54-9A1E7A4F7556}") = "Sample.Client", "Sample.Client\Sample.Client.csproj", "{79E093D3-5B11-4D3A-A9B6-F9B6587D3598}"
EndProject
Project("{9A19103F-16F7-4668-BE54-9A1E7A4F7556}") = "ExtraDry.Core", "ExtraDry.Core\ExtraDry.Core.csproj", "{008F58B8-90A8-4C01-BF19-049F3074DF71}"
EndProject
Project("{9A19103F-16F7-4668-BE54-9A1E7A4F7556}") = "ExtraDry.Core.Tests", "ExtraDry.Core.Tests\ExtraDry.Core.Tests.csproj", "{F154173F-E775-4880-B594-FA96BAB42CE5}"
EndProject
Project("{9A19103F-16F7-4668-BE54-9A1E7A4F7556}") = "ExtraDry.Blazor", "ExtraDry.Blazor\ExtraDry.Blazor.csproj", "{722ED2D6-E6BE-48D1-A61F-4072AFA775D9}"
EndProject
Project("{9A19103F-16F7-4668-BE54-9A1E7A4F7556}") = "ExtraDry.Blazor.Tests", "ExtraDry.Blazor.Tests\ExtraDry.Blazor.Tests.csproj", "{FD70787D-C9B9-49B2-80A9-4E6C83DC9027}"
EndProject
Project("{9A19103F-16F7-4668-BE54-9A1E7A4F7556}") = "ExtraDry.Swashbuckle", "ExtraDry.Swashbuckle\ExtraDry.Swashbuckle.csproj", "{B67BB00A-EB80-4639-810A-50A19FE7250A}"
EndProject
Project("{9A19103F-16F7-4668-BE54-9A1E7A4F7556}") = "ExtraDry.Server", "ExtraDry.Server\ExtraDry.Server.csproj", "{3D9D55DC-77BE-473A-A0F7-4CE4856DF94E}"
EndProject
Project("{9A19103F-16F7-4668-BE54-9A1E7A4F7556}") = "ExtraDry.Server.Tests", "ExtraDry.Server.Tests\ExtraDry.Server.Tests.csproj", "{A4414229-507A-4F50-B573-FEE24071AE73}"
EndProject
Project("{9A19103F-16F7-4668-BE54-9A1E7A4F7556}") = "YellowJacket.Tests", "YellowJacket.Tests\YellowJacket.Tests.csproj", "{B3B96AF8-0BAB-403D-BFCE-40A0857FC680}"
EndProject
Project("{9A19103F-16F7-4668-BE54-9A1E7A4F7556}") = "Sample.WebJobs", "Sample.WebJobs\Sample.WebJobs.csproj", "{FEAFDA36-0C8D-4369-B632-C8A847DD25E4}"
EndProject
Project("{FAE04EC0-301F-11D3-BF4B-00C04F79EFBC}") = "ExtraDry.Core.Abstractions", "ExtraDry.Core.Abstractions\ExtraDry.Core.Abstractions.csproj", "{D1D750E0-69B4-410D-A6AA-C673C4BC5608}"
EndProject
Global
	GlobalSection(SolutionConfigurationPlatforms) = preSolution
		Debug|Any CPU = Debug|Any CPU
		Release|Any CPU = Release|Any CPU
	EndGlobalSection
	GlobalSection(ProjectConfigurationPlatforms) = postSolution
		{CEE533E6-CCB0-4D4D-8F05-45E8F3FF20D5}.Debug|Any CPU.ActiveCfg = Debug|Any CPU
		{CEE533E6-CCB0-4D4D-8F05-45E8F3FF20D5}.Debug|Any CPU.Build.0 = Debug|Any CPU
		{CEE533E6-CCB0-4D4D-8F05-45E8F3FF20D5}.Release|Any CPU.ActiveCfg = Release|Any CPU
		{CEE533E6-CCB0-4D4D-8F05-45E8F3FF20D5}.Release|Any CPU.Build.0 = Release|Any CPU
		{F098333B-F93D-4570-85EA-803440A897A2}.Debug|Any CPU.ActiveCfg = Debug|Any CPU
		{F098333B-F93D-4570-85EA-803440A897A2}.Debug|Any CPU.Build.0 = Debug|Any CPU
		{F098333B-F93D-4570-85EA-803440A897A2}.Release|Any CPU.ActiveCfg = Release|Any CPU
		{F098333B-F93D-4570-85EA-803440A897A2}.Release|Any CPU.Build.0 = Release|Any CPU
		{9F948B97-1BA0-4B3C-A526-FBC6AEEE679F}.Debug|Any CPU.ActiveCfg = Debug|Any CPU
		{9F948B97-1BA0-4B3C-A526-FBC6AEEE679F}.Debug|Any CPU.Build.0 = Debug|Any CPU
		{9F948B97-1BA0-4B3C-A526-FBC6AEEE679F}.Release|Any CPU.ActiveCfg = Release|Any CPU
		{9F948B97-1BA0-4B3C-A526-FBC6AEEE679F}.Release|Any CPU.Build.0 = Release|Any CPU
		{79E093D3-5B11-4D3A-A9B6-F9B6587D3598}.Debug|Any CPU.ActiveCfg = Debug|Any CPU
		{79E093D3-5B11-4D3A-A9B6-F9B6587D3598}.Debug|Any CPU.Build.0 = Debug|Any CPU
		{79E093D3-5B11-4D3A-A9B6-F9B6587D3598}.Release|Any CPU.ActiveCfg = Release|Any CPU
		{79E093D3-5B11-4D3A-A9B6-F9B6587D3598}.Release|Any CPU.Build.0 = Release|Any CPU
		{008F58B8-90A8-4C01-BF19-049F3074DF71}.Debug|Any CPU.ActiveCfg = Debug|Any CPU
		{008F58B8-90A8-4C01-BF19-049F3074DF71}.Debug|Any CPU.Build.0 = Debug|Any CPU
		{008F58B8-90A8-4C01-BF19-049F3074DF71}.Release|Any CPU.ActiveCfg = Release|Any CPU
		{008F58B8-90A8-4C01-BF19-049F3074DF71}.Release|Any CPU.Build.0 = Release|Any CPU
		{F154173F-E775-4880-B594-FA96BAB42CE5}.Debug|Any CPU.ActiveCfg = Debug|Any CPU
		{F154173F-E775-4880-B594-FA96BAB42CE5}.Debug|Any CPU.Build.0 = Debug|Any CPU
		{F154173F-E775-4880-B594-FA96BAB42CE5}.Release|Any CPU.ActiveCfg = Release|Any CPU
		{F154173F-E775-4880-B594-FA96BAB42CE5}.Release|Any CPU.Build.0 = Release|Any CPU
		{722ED2D6-E6BE-48D1-A61F-4072AFA775D9}.Debug|Any CPU.ActiveCfg = Debug|Any CPU
		{722ED2D6-E6BE-48D1-A61F-4072AFA775D9}.Debug|Any CPU.Build.0 = Debug|Any CPU
		{722ED2D6-E6BE-48D1-A61F-4072AFA775D9}.Release|Any CPU.ActiveCfg = Release|Any CPU
		{722ED2D6-E6BE-48D1-A61F-4072AFA775D9}.Release|Any CPU.Build.0 = Release|Any CPU
		{FD70787D-C9B9-49B2-80A9-4E6C83DC9027}.Debug|Any CPU.ActiveCfg = Debug|Any CPU
		{FD70787D-C9B9-49B2-80A9-4E6C83DC9027}.Debug|Any CPU.Build.0 = Debug|Any CPU
		{FD70787D-C9B9-49B2-80A9-4E6C83DC9027}.Release|Any CPU.ActiveCfg = Release|Any CPU
		{FD70787D-C9B9-49B2-80A9-4E6C83DC9027}.Release|Any CPU.Build.0 = Release|Any CPU
		{B67BB00A-EB80-4639-810A-50A19FE7250A}.Debug|Any CPU.ActiveCfg = Debug|Any CPU
		{B67BB00A-EB80-4639-810A-50A19FE7250A}.Debug|Any CPU.Build.0 = Debug|Any CPU
		{B67BB00A-EB80-4639-810A-50A19FE7250A}.Release|Any CPU.ActiveCfg = Release|Any CPU
		{B67BB00A-EB80-4639-810A-50A19FE7250A}.Release|Any CPU.Build.0 = Release|Any CPU
		{3D9D55DC-77BE-473A-A0F7-4CE4856DF94E}.Debug|Any CPU.ActiveCfg = Debug|Any CPU
		{3D9D55DC-77BE-473A-A0F7-4CE4856DF94E}.Debug|Any CPU.Build.0 = Debug|Any CPU
		{3D9D55DC-77BE-473A-A0F7-4CE4856DF94E}.Release|Any CPU.ActiveCfg = Release|Any CPU
		{3D9D55DC-77BE-473A-A0F7-4CE4856DF94E}.Release|Any CPU.Build.0 = Release|Any CPU
		{A4414229-507A-4F50-B573-FEE24071AE73}.Debug|Any CPU.ActiveCfg = Debug|Any CPU
		{A4414229-507A-4F50-B573-FEE24071AE73}.Debug|Any CPU.Build.0 = Debug|Any CPU
		{A4414229-507A-4F50-B573-FEE24071AE73}.Release|Any CPU.ActiveCfg = Release|Any CPU
		{A4414229-507A-4F50-B573-FEE24071AE73}.Release|Any CPU.Build.0 = Release|Any CPU
		{B3B96AF8-0BAB-403D-BFCE-40A0857FC680}.Debug|Any CPU.ActiveCfg = Debug|Any CPU
		{B3B96AF8-0BAB-403D-BFCE-40A0857FC680}.Debug|Any CPU.Build.0 = Debug|Any CPU
		{B3B96AF8-0BAB-403D-BFCE-40A0857FC680}.Release|Any CPU.ActiveCfg = Release|Any CPU
		{B3B96AF8-0BAB-403D-BFCE-40A0857FC680}.Release|Any CPU.Build.0 = Release|Any CPU
		{FEAFDA36-0C8D-4369-B632-C8A847DD25E4}.Debug|Any CPU.ActiveCfg = Debug|Any CPU
		{FEAFDA36-0C8D-4369-B632-C8A847DD25E4}.Debug|Any CPU.Build.0 = Debug|Any CPU
		{FEAFDA36-0C8D-4369-B632-C8A847DD25E4}.Release|Any CPU.ActiveCfg = Release|Any CPU
		{FEAFDA36-0C8D-4369-B632-C8A847DD25E4}.Release|Any CPU.Build.0 = Release|Any CPU
		{D1D750E0-69B4-410D-A6AA-C673C4BC5608}.Debug|Any CPU.ActiveCfg = Debug|Any CPU
		{D1D750E0-69B4-410D-A6AA-C673C4BC5608}.Debug|Any CPU.Build.0 = Debug|Any CPU
		{D1D750E0-69B4-410D-A6AA-C673C4BC5608}.Release|Any CPU.ActiveCfg = Release|Any CPU
		{D1D750E0-69B4-410D-A6AA-C673C4BC5608}.Release|Any CPU.Build.0 = Release|Any CPU
	EndGlobalSection
	GlobalSection(SolutionProperties) = preSolution
		HideSolutionNode = FALSE
	EndGlobalSection
	GlobalSection(ExtensibilityGlobals) = postSolution
		SolutionGuid = {3B22A8FE-C428-4DAE-8F6A-B1A1CD79A3D7}
	EndGlobalSection
EndGlobal
